// !$*UTF8*$!
{
	archiveVersion = 1;
	classes = {
	};
	objectVersion = 77;
	objects = {

/* Begin PBXBuildFile section */
		01796EFC2CDBFE580019D68F /* XCTest.framework in Frameworks */ = {isa = PBXBuildFile; fileRef = 01796EFB2CDBFE580019D68F /* XCTest.framework */; platformFilter = ios; };
		01796EFD2CDBFE580019D68F /* XCTest.framework in Embed Frameworks */ = {isa = PBXBuildFile; fileRef = 01796EFB2CDBFE580019D68F /* XCTest.framework */; platformFilter = ios; settings = {ATTRIBUTES = (CodeSignOnCopy, RemoveHeadersOnCopy, ); }; };
/* End PBXBuildFile section */

/* Begin PBXContainerItemProxy section */
		01796EF32CDBF93B0019D68F /* PBXContainerItemProxy */ = {
			isa = PBXContainerItemProxy;
			containerPortal = 4167544F2CA2F65B00EEA777 /* Project object */;
			proxyType = 1;
			remoteGlobalIDString = 416754562CA2F65B00EEA777;
			remoteInfo = ScreenDime;
		};
		416754682CA2F65E00EEA777 /* PBXContainerItemProxy */ = {
			isa = PBXContainerItemProxy;
			containerPortal = 4167544F2CA2F65B00EEA777 /* Project object */;
			proxyType = 1;
			remoteGlobalIDString = 416754562CA2F65B00EEA777;
			remoteInfo = ScreenDime;
		};
		416754722CA2F65E00EEA777 /* PBXContainerItemProxy */ = {
			isa = PBXContainerItemProxy;
			containerPortal = 4167544F2CA2F65B00EEA777 /* Project object */;
			proxyType = 1;
			remoteGlobalIDString = 416754562CA2F65B00EEA777;
			remoteInfo = ScreenDime;
		};
/* End PBXContainerItemProxy section */

/* Begin PBXCopyFilesBuildPhase section */
		01796EFE2CDBFE580019D68F /* Embed Frameworks */ = {
			isa = PBXCopyFilesBuildPhase;
			buildActionMask = 2147483647;
			dstPath = "";
			dstSubfolderSpec = 10;
			files = (
				01796EFD2CDBFE580019D68F /* XCTest.framework in Embed Frameworks */,
			);
			name = "Embed Frameworks";
			runOnlyForDeploymentPostprocessing = 0;
		};
/* End PBXCopyFilesBuildPhase section */

/* Begin PBXFileReference section */
		01796EEF2CDBF93B0019D68F /* ScreenDimeTesting.xctest */ = {isa = PBXFileReference; explicitFileType = wrapper.cfbundle; includeInIndex = 0; path = ScreenDimeTesting.xctest; sourceTree = BUILT_PRODUCTS_DIR; };
		01796EFB2CDBFE580019D68F /* XCTest.framework */ = {isa = PBXFileReference; lastKnownFileType = wrapper.framework; name = XCTest.framework; path = Platforms/iPhoneOS.platform/Developer/Library/Frameworks/XCTest.framework; sourceTree = DEVELOPER_DIR; };
		416754572CA2F65B00EEA777 /* ScreenDime.app */ = {isa = PBXFileReference; explicitFileType = wrapper.application; includeInIndex = 0; path = ScreenDime.app; sourceTree = BUILT_PRODUCTS_DIR; };
		416754672CA2F65E00EEA777 /* ScreenDimeTests.xctest */ = {isa = PBXFileReference; explicitFileType = wrapper.cfbundle; includeInIndex = 0; path = ScreenDimeTests.xctest; sourceTree = BUILT_PRODUCTS_DIR; };
		416754712CA2F65E00EEA777 /* ScreenDimeUITests.xctest */ = {isa = PBXFileReference; explicitFileType = wrapper.cfbundle; includeInIndex = 0; path = ScreenDimeUITests.xctest; sourceTree = BUILT_PRODUCTS_DIR; };
/* End PBXFileReference section */

/* Begin PBXFileSystemSynchronizedBuildFileExceptionSet section */
		41CCBCA32CE663DA0016E142 /* Exceptions for "ScreenDime" folder in "ScreenDime" target */ = {
			isa = PBXFileSystemSynchronizedBuildFileExceptionSet;
			membershipExceptions = (
				"Preview Content",
				"Test Plans/TestPlan.xctestplan",
			);
			target = 416754562CA2F65B00EEA777 /* ScreenDime */;
		};
		41CCBCA42CE663DA0016E142 /* Exceptions for "ScreenDime" folder in "ScreenDimeTesting" target */ = {
			isa = PBXFileSystemSynchronizedBuildFileExceptionSet;
			membershipExceptions = (
				"Test Plans/TestPlan.xctestplan",
			);
			target = 01796EEE2CDBF93B0019D68F /* ScreenDimeTesting */;
		};
/* End PBXFileSystemSynchronizedBuildFileExceptionSet section */

/* Begin PBXFileSystemSynchronizedRootGroup section */
		01796EF02CDBF93B0019D68F /* ScreenDimeTesting */ = {
			isa = PBXFileSystemSynchronizedRootGroup;
			path = ScreenDimeTesting;
			sourceTree = "<group>";
		};
		416754592CA2F65B00EEA777 /* ScreenDime */ = {
			isa = PBXFileSystemSynchronizedRootGroup;
			exceptions = (
				41CCBCA32CE663DA0016E142 /* Exceptions for "ScreenDime" folder in "ScreenDime" target */,
				41CCBCA42CE663DA0016E142 /* Exceptions for "ScreenDime" folder in "ScreenDimeTesting" target */,
			);
			path = ScreenDime;
			sourceTree = "<group>";
		};
/* End PBXFileSystemSynchronizedRootGroup section */

/* Begin PBXFrameworksBuildPhase section */
		01796EEC2CDBF93B0019D68F /* Frameworks */ = {
			isa = PBXFrameworksBuildPhase;
			buildActionMask = 2147483647;
			files = (
				01796EFC2CDBFE580019D68F /* XCTest.framework in Frameworks */,
			);
			runOnlyForDeploymentPostprocessing = 0;
		};
		416754542CA2F65B00EEA777 /* Frameworks */ = {
			isa = PBXFrameworksBuildPhase;
			buildActionMask = 2147483647;
			files = (
			);
			runOnlyForDeploymentPostprocessing = 0;
		};
		416754642CA2F65E00EEA777 /* Frameworks */ = {
			isa = PBXFrameworksBuildPhase;
			buildActionMask = 2147483647;
			files = (
			);
			runOnlyForDeploymentPostprocessing = 0;
		};
		4167546E2CA2F65E00EEA777 /* Frameworks */ = {
			isa = PBXFrameworksBuildPhase;
			buildActionMask = 2147483647;
			files = (
			);
			runOnlyForDeploymentPostprocessing = 0;
		};
/* End PBXFrameworksBuildPhase section */

/* Begin PBXGroup section */
		01796EFA2CDBFE580019D68F /* Frameworks */ = {
			isa = PBXGroup;
			children = (
				01796EFB2CDBFE580019D68F /* XCTest.framework */,
			);
			name = Frameworks;
			sourceTree = "<group>";
		};
		4167544E2CA2F65B00EEA777 = {
			isa = PBXGroup;
			children = (
				416754592CA2F65B00EEA777 /* ScreenDime */,
				01796EF02CDBF93B0019D68F /* ScreenDimeTesting */,
				01796EFA2CDBFE580019D68F /* Frameworks */,
				416754582CA2F65B00EEA777 /* Products */,
			);
			sourceTree = "<group>";
		};
		416754582CA2F65B00EEA777 /* Products */ = {
			isa = PBXGroup;
			children = (
				416754572CA2F65B00EEA777 /* ScreenDime.app */,
				416754672CA2F65E00EEA777 /* ScreenDimeTests.xctest */,
				416754712CA2F65E00EEA777 /* ScreenDimeUITests.xctest */,
				01796EEF2CDBF93B0019D68F /* ScreenDimeTesting.xctest */,
			);
			name = Products;
			sourceTree = "<group>";
		};
/* End PBXGroup section */

/* Begin PBXNativeTarget section */
		01796EEE2CDBF93B0019D68F /* ScreenDimeTesting */ = {
			isa = PBXNativeTarget;
			buildConfigurationList = 01796EF52CDBF93B0019D68F /* Build configuration list for PBXNativeTarget "ScreenDimeTesting" */;
			buildPhases = (
				01796EEB2CDBF93B0019D68F /* Sources */,
				01796EEC2CDBF93B0019D68F /* Frameworks */,
				01796EED2CDBF93B0019D68F /* Resources */,
				01796EFE2CDBFE580019D68F /* Embed Frameworks */,
			);
			buildRules = (
			);
			dependencies = (
				01796EF42CDBF93B0019D68F /* PBXTargetDependency */,
			);
			fileSystemSynchronizedGroups = (
				01796EF02CDBF93B0019D68F /* ScreenDimeTesting */,
			);
			name = ScreenDimeTesting;
			packageProductDependencies = (
			);
			productName = ScreenDimeTesting;
			productReference = 01796EEF2CDBF93B0019D68F /* ScreenDimeTesting.xctest */;
			productType = "com.apple.product-type.bundle.unit-test";
		};
		416754562CA2F65B00EEA777 /* ScreenDime */ = {
			isa = PBXNativeTarget;
			buildConfigurationList = 4167547B2CA2F65E00EEA777 /* Build configuration list for PBXNativeTarget "ScreenDime" */;
			buildPhases = (
				416754532CA2F65B00EEA777 /* Sources */,
				416754542CA2F65B00EEA777 /* Frameworks */,
				416754552CA2F65B00EEA777 /* Resources */,
			);
			buildRules = (
			);
			dependencies = (
			);
			fileSystemSynchronizedGroups = (
				416754592CA2F65B00EEA777 /* ScreenDime */,
			);
			name = ScreenDime;
			packageProductDependencies = (
			);
			productName = ScreenDime;
			productReference = 416754572CA2F65B00EEA777 /* ScreenDime.app */;
			productType = "com.apple.product-type.application";
		};
		416754662CA2F65E00EEA777 /* ScreenDimeTests */ = {
			isa = PBXNativeTarget;
			buildConfigurationList = 4167547E2CA2F65E00EEA777 /* Build configuration list for PBXNativeTarget "ScreenDimeTests" */;
			buildPhases = (
				416754632CA2F65E00EEA777 /* Sources */,
				416754642CA2F65E00EEA777 /* Frameworks */,
				416754652CA2F65E00EEA777 /* Resources */,
			);
			buildRules = (
			);
			dependencies = (
				416754692CA2F65E00EEA777 /* PBXTargetDependency */,
			);
			name = ScreenDimeTests;
			packageProductDependencies = (
			);
			productName = ScreenDimeTests;
			productReference = 416754672CA2F65E00EEA777 /* ScreenDimeTests.xctest */;
			productType = "com.apple.product-type.bundle.unit-test";
		};
		416754702CA2F65E00EEA777 /* ScreenDimeUITests */ = {
			isa = PBXNativeTarget;
			buildConfigurationList = 416754812CA2F65E00EEA777 /* Build configuration list for PBXNativeTarget "ScreenDimeUITests" */;
			buildPhases = (
				4167546D2CA2F65E00EEA777 /* Sources */,
				4167546E2CA2F65E00EEA777 /* Frameworks */,
				4167546F2CA2F65E00EEA777 /* Resources */,
			);
			buildRules = (
			);
			dependencies = (
				416754732CA2F65E00EEA777 /* PBXTargetDependency */,
			);
			name = ScreenDimeUITests;
			packageProductDependencies = (
			);
			productName = ScreenDimeUITests;
			productReference = 416754712CA2F65E00EEA777 /* ScreenDimeUITests.xctest */;
			productType = "com.apple.product-type.bundle.ui-testing";
		};
/* End PBXNativeTarget section */

/* Begin PBXProject section */
		4167544F2CA2F65B00EEA777 /* Project object */ = {
			isa = PBXProject;
			attributes = {
				BuildIndependentTargetsInParallel = 1;
				LastSwiftUpdateCheck = 1610;
				LastUpgradeCheck = 1600;
				TargetAttributes = {
					01796EEE2CDBF93B0019D68F = {
						CreatedOnToolsVersion = 16.1;
						TestTargetID = 416754562CA2F65B00EEA777;
					};
					416754562CA2F65B00EEA777 = {
						CreatedOnToolsVersion = 16.0;
					};
					416754662CA2F65E00EEA777 = {
						CreatedOnToolsVersion = 16.0;
						TestTargetID = 416754562CA2F65B00EEA777;
					};
					416754702CA2F65E00EEA777 = {
						CreatedOnToolsVersion = 16.0;
						TestTargetID = 416754562CA2F65B00EEA777;
					};
				};
			};
			buildConfigurationList = 416754522CA2F65B00EEA777 /* Build configuration list for PBXProject "ScreenDime" */;
			developmentRegion = en;
			hasScannedForEncodings = 0;
			knownRegions = (
				en,
				Base,
			);
			mainGroup = 4167544E2CA2F65B00EEA777;
			minimizedProjectReferenceProxies = 1;
			preferredProjectObjectVersion = 77;
			productRefGroup = 416754582CA2F65B00EEA777 /* Products */;
			projectDirPath = "";
			projectRoot = "";
			targets = (
				416754562CA2F65B00EEA777 /* ScreenDime */,
				416754662CA2F65E00EEA777 /* ScreenDimeTests */,
				416754702CA2F65E00EEA777 /* ScreenDimeUITests */,
				01796EEE2CDBF93B0019D68F /* ScreenDimeTesting */,
			);
		};
/* End PBXProject section */

/* Begin PBXResourcesBuildPhase section */
		01796EED2CDBF93B0019D68F /* Resources */ = {
			isa = PBXResourcesBuildPhase;
			buildActionMask = 2147483647;
			files = (
			);
			runOnlyForDeploymentPostprocessing = 0;
		};
		416754552CA2F65B00EEA777 /* Resources */ = {
			isa = PBXResourcesBuildPhase;
			buildActionMask = 2147483647;
			files = (
			);
			runOnlyForDeploymentPostprocessing = 0;
		};
		416754652CA2F65E00EEA777 /* Resources */ = {
			isa = PBXResourcesBuildPhase;
			buildActionMask = 2147483647;
			files = (
			);
			runOnlyForDeploymentPostprocessing = 0;
		};
		4167546F2CA2F65E00EEA777 /* Resources */ = {
			isa = PBXResourcesBuildPhase;
			buildActionMask = 2147483647;
			files = (
			);
			runOnlyForDeploymentPostprocessing = 0;
		};
/* End PBXResourcesBuildPhase section */

/* Begin PBXSourcesBuildPhase section */
		01796EEB2CDBF93B0019D68F /* Sources */ = {
			isa = PBXSourcesBuildPhase;
			buildActionMask = 2147483647;
			files = (
			);
			runOnlyForDeploymentPostprocessing = 0;
		};
		416754532CA2F65B00EEA777 /* Sources */ = {
			isa = PBXSourcesBuildPhase;
			buildActionMask = 2147483647;
			files = (
			);
			runOnlyForDeploymentPostprocessing = 0;
		};
		416754632CA2F65E00EEA777 /* Sources */ = {
			isa = PBXSourcesBuildPhase;
			buildActionMask = 2147483647;
			files = (
			);
			runOnlyForDeploymentPostprocessing = 0;
		};
		4167546D2CA2F65E00EEA777 /* Sources */ = {
			isa = PBXSourcesBuildPhase;
			buildActionMask = 2147483647;
			files = (
			);
			runOnlyForDeploymentPostprocessing = 0;
		};
/* End PBXSourcesBuildPhase section */

/* Begin PBXTargetDependency section */
		01796EF42CDBF93B0019D68F /* PBXTargetDependency */ = {
			isa = PBXTargetDependency;
			target = 416754562CA2F65B00EEA777 /* ScreenDime */;
			targetProxy = 01796EF32CDBF93B0019D68F /* PBXContainerItemProxy */;
		};
		416754692CA2F65E00EEA777 /* PBXTargetDependency */ = {
			isa = PBXTargetDependency;
			target = 416754562CA2F65B00EEA777 /* ScreenDime */;
			targetProxy = 416754682CA2F65E00EEA777 /* PBXContainerItemProxy */;
		};
		416754732CA2F65E00EEA777 /* PBXTargetDependency */ = {
			isa = PBXTargetDependency;
			target = 416754562CA2F65B00EEA777 /* ScreenDime */;
			targetProxy = 416754722CA2F65E00EEA777 /* PBXContainerItemProxy */;
		};
/* End PBXTargetDependency section */

/* Begin XCBuildConfiguration section */
		01796EF62CDBF93B0019D68F /* Debug */ = {
			isa = XCBuildConfiguration;
			buildSettings = {
				BUNDLE_LOADER = "$(TEST_HOST)";
				CODE_SIGN_STYLE = Automatic;
				CURRENT_PROJECT_VERSION = 1;
				DEVELOPMENT_TEAM = 2K35YB3774;
				GENERATE_INFOPLIST_FILE = YES;
				IPHONEOS_DEPLOYMENT_TARGET = 18.1;
				MARKETING_VERSION = 1.0;
				PRODUCT_BUNDLE_IDENTIFIER = co.nflott.ScreenDimeTesting;
				PRODUCT_NAME = "$(TARGET_NAME)";
				SWIFT_EMIT_LOC_STRINGS = NO;
				SWIFT_VERSION = 5.0;
				TARGETED_DEVICE_FAMILY = "1,2";
				TEST_HOST = "$(BUILT_PRODUCTS_DIR)/ScreenDime.app/$(BUNDLE_EXECUTABLE_FOLDER_PATH)/ScreenDime";
			};
			name = Debug;
		};
		01796EF72CDBF93B0019D68F /* Release */ = {
			isa = XCBuildConfiguration;
			buildSettings = {
				BUNDLE_LOADER = "$(TEST_HOST)";
				CODE_SIGN_STYLE = Automatic;
				CURRENT_PROJECT_VERSION = 1;
				DEVELOPMENT_TEAM = 2K35YB3774;
				GENERATE_INFOPLIST_FILE = YES;
				IPHONEOS_DEPLOYMENT_TARGET = 18.1;
				MARKETING_VERSION = 1.0;
				PRODUCT_BUNDLE_IDENTIFIER = co.nflott.ScreenDimeTesting;
				PRODUCT_NAME = "$(TARGET_NAME)";
				SWIFT_EMIT_LOC_STRINGS = NO;
				SWIFT_VERSION = 5.0;
				TARGETED_DEVICE_FAMILY = "1,2";
				TEST_HOST = "$(BUILT_PRODUCTS_DIR)/ScreenDime.app/$(BUNDLE_EXECUTABLE_FOLDER_PATH)/ScreenDime";
			};
			name = Release;
		};
		416754792CA2F65E00EEA777 /* Debug */ = {
			isa = XCBuildConfiguration;
			buildSettings = {
				ALWAYS_SEARCH_USER_PATHS = NO;
				ASSETCATALOG_COMPILER_GENERATE_SWIFT_ASSET_SYMBOL_EXTENSIONS = YES;
				CLANG_ANALYZER_NONNULL = YES;
				CLANG_ANALYZER_NUMBER_OBJECT_CONVERSION = YES_AGGRESSIVE;
				CLANG_CXX_LANGUAGE_STANDARD = "gnu++20";
				CLANG_ENABLE_MODULES = YES;
				CLANG_ENABLE_OBJC_ARC = YES;
				CLANG_ENABLE_OBJC_WEAK = YES;
				CLANG_WARN_BLOCK_CAPTURE_AUTORELEASING = YES;
				CLANG_WARN_BOOL_CONVERSION = YES;
				CLANG_WARN_COMMA = YES;
				CLANG_WARN_CONSTANT_CONVERSION = YES;
				CLANG_WARN_DEPRECATED_OBJC_IMPLEMENTATIONS = YES;
				CLANG_WARN_DIRECT_OBJC_ISA_USAGE = YES_ERROR;
				CLANG_WARN_DOCUMENTATION_COMMENTS = YES;
				CLANG_WARN_EMPTY_BODY = YES;
				CLANG_WARN_ENUM_CONVERSION = YES;
				CLANG_WARN_INFINITE_RECURSION = YES;
				CLANG_WARN_INT_CONVERSION = YES;
				CLANG_WARN_NON_LITERAL_NULL_CONVERSION = YES;
				CLANG_WARN_OBJC_IMPLICIT_RETAIN_SELF = YES;
				CLANG_WARN_OBJC_LITERAL_CONVERSION = YES;
				CLANG_WARN_OBJC_ROOT_CLASS = YES_ERROR;
				CLANG_WARN_QUOTED_INCLUDE_IN_FRAMEWORK_HEADER = YES;
				CLANG_WARN_RANGE_LOOP_ANALYSIS = YES;
				CLANG_WARN_STRICT_PROTOTYPES = YES;
				CLANG_WARN_SUSPICIOUS_MOVE = YES;
				CLANG_WARN_UNGUARDED_AVAILABILITY = YES_AGGRESSIVE;
				CLANG_WARN_UNREACHABLE_CODE = YES;
				CLANG_WARN__DUPLICATE_METHOD_MATCH = YES;
				COPY_PHASE_STRIP = NO;
				DEBUG_INFORMATION_FORMAT = dwarf;
				ENABLE_STRICT_OBJC_MSGSEND = YES;
				ENABLE_TESTABILITY = YES;
				ENABLE_USER_SCRIPT_SANDBOXING = YES;
				GCC_C_LANGUAGE_STANDARD = gnu17;
				GCC_DYNAMIC_NO_PIC = NO;
				GCC_NO_COMMON_BLOCKS = YES;
				GCC_OPTIMIZATION_LEVEL = 0;
				GCC_PREPROCESSOR_DEFINITIONS = (
					"DEBUG=1",
					"$(inherited)",
				);
				GCC_WARN_64_TO_32_BIT_CONVERSION = YES;
				GCC_WARN_ABOUT_RETURN_TYPE = YES_ERROR;
				GCC_WARN_UNDECLARED_SELECTOR = YES;
				GCC_WARN_UNINITIALIZED_AUTOS = YES_AGGRESSIVE;
				GCC_WARN_UNUSED_FUNCTION = YES;
				GCC_WARN_UNUSED_VARIABLE = YES;
				IPHONEOS_DEPLOYMENT_TARGET = 18.0;
				LOCALIZATION_PREFERS_STRING_CATALOGS = YES;
				MTL_ENABLE_DEBUG_INFO = INCLUDE_SOURCE;
				MTL_FAST_MATH = YES;
				ONLY_ACTIVE_ARCH = YES;
				SDKROOT = iphoneos;
				SWIFT_ACTIVE_COMPILATION_CONDITIONS = "DEBUG $(inherited)";
				SWIFT_OPTIMIZATION_LEVEL = "-Onone";
			};
			name = Debug;
		};
		4167547A2CA2F65E00EEA777 /* Release */ = {
			isa = XCBuildConfiguration;
			buildSettings = {
				ALWAYS_SEARCH_USER_PATHS = NO;
				ASSETCATALOG_COMPILER_GENERATE_SWIFT_ASSET_SYMBOL_EXTENSIONS = YES;
				CLANG_ANALYZER_NONNULL = YES;
				CLANG_ANALYZER_NUMBER_OBJECT_CONVERSION = YES_AGGRESSIVE;
				CLANG_CXX_LANGUAGE_STANDARD = "gnu++20";
				CLANG_ENABLE_MODULES = YES;
				CLANG_ENABLE_OBJC_ARC = YES;
				CLANG_ENABLE_OBJC_WEAK = YES;
				CLANG_WARN_BLOCK_CAPTURE_AUTORELEASING = YES;
				CLANG_WARN_BOOL_CONVERSION = YES;
				CLANG_WARN_COMMA = YES;
				CLANG_WARN_CONSTANT_CONVERSION = YES;
				CLANG_WARN_DEPRECATED_OBJC_IMPLEMENTATIONS = YES;
				CLANG_WARN_DIRECT_OBJC_ISA_USAGE = YES_ERROR;
				CLANG_WARN_DOCUMENTATION_COMMENTS = YES;
				CLANG_WARN_EMPTY_BODY = YES;
				CLANG_WARN_ENUM_CONVERSION = YES;
				CLANG_WARN_INFINITE_RECURSION = YES;
				CLANG_WARN_INT_CONVERSION = YES;
				CLANG_WARN_NON_LITERAL_NULL_CONVERSION = YES;
				CLANG_WARN_OBJC_IMPLICIT_RETAIN_SELF = YES;
				CLANG_WARN_OBJC_LITERAL_CONVERSION = YES;
				CLANG_WARN_OBJC_ROOT_CLASS = YES_ERROR;
				CLANG_WARN_QUOTED_INCLUDE_IN_FRAMEWORK_HEADER = YES;
				CLANG_WARN_RANGE_LOOP_ANALYSIS = YES;
				CLANG_WARN_STRICT_PROTOTYPES = YES;
				CLANG_WARN_SUSPICIOUS_MOVE = YES;
				CLANG_WARN_UNGUARDED_AVAILABILITY = YES_AGGRESSIVE;
				CLANG_WARN_UNREACHABLE_CODE = YES;
				CLANG_WARN__DUPLICATE_METHOD_MATCH = YES;
				COPY_PHASE_STRIP = NO;
				DEBUG_INFORMATION_FORMAT = "dwarf-with-dsym";
				ENABLE_NS_ASSERTIONS = NO;
				ENABLE_STRICT_OBJC_MSGSEND = YES;
				ENABLE_USER_SCRIPT_SANDBOXING = YES;
				GCC_C_LANGUAGE_STANDARD = gnu17;
				GCC_NO_COMMON_BLOCKS = YES;
				GCC_WARN_64_TO_32_BIT_CONVERSION = YES;
				GCC_WARN_ABOUT_RETURN_TYPE = YES_ERROR;
				GCC_WARN_UNDECLARED_SELECTOR = YES;
				GCC_WARN_UNINITIALIZED_AUTOS = YES_AGGRESSIVE;
				GCC_WARN_UNUSED_FUNCTION = YES;
				GCC_WARN_UNUSED_VARIABLE = YES;
				IPHONEOS_DEPLOYMENT_TARGET = 18.0;
				LOCALIZATION_PREFERS_STRING_CATALOGS = YES;
				MTL_ENABLE_DEBUG_INFO = NO;
				MTL_FAST_MATH = YES;
				SDKROOT = iphoneos;
				SWIFT_COMPILATION_MODE = wholemodule;
				VALIDATE_PRODUCT = YES;
			};
			name = Release;
		};
		4167547C2CA2F65E00EEA777 /* Debug */ = {
			isa = XCBuildConfiguration;
			buildSettings = {
				ASSETCATALOG_COMPILER_APPICON_NAME = AppIcon;
				ASSETCATALOG_COMPILER_GLOBAL_ACCENT_COLOR_NAME = AccentColor;
				CODE_SIGN_STYLE = Automatic;
				CURRENT_PROJECT_VERSION = 1;
				DEVELOPMENT_ASSET_PATHS = "\"ScreenDime/Preview Content\"";
				DEVELOPMENT_TEAM = UQMZT3FN7W;
				ENABLE_PREVIEWS = YES;
				GENERATE_INFOPLIST_FILE = YES;
				INFOPLIST_KEY_UIApplicationSceneManifest_Generation = YES;
				INFOPLIST_KEY_UIApplicationSupportsIndirectInputEvents = YES;
				INFOPLIST_KEY_UILaunchScreen_Generation = YES;
				INFOPLIST_KEY_UISupportedInterfaceOrientations_iPad = "UIInterfaceOrientationPortrait UIInterfaceOrientationPortraitUpsideDown UIInterfaceOrientationLandscapeLeft UIInterfaceOrientationLandscapeRight";
				INFOPLIST_KEY_UISupportedInterfaceOrientations_iPhone = "UIInterfaceOrientationPortrait UIInterfaceOrientationLandscapeLeft UIInterfaceOrientationLandscapeRight";
				LD_RUNPATH_SEARCH_PATHS = (
					"$(inherited)",
					"@executable_path/Frameworks",
				);
				MARKETING_VERSION = 1.0;
				PRODUCT_BUNDLE_IDENTIFIER = com.screendime.ScreenDime;
				PRODUCT_NAME = "$(TARGET_NAME)";
				SWIFT_EMIT_LOC_STRINGS = YES;
				SWIFT_VERSION = 5.0;
				TARGETED_DEVICE_FAMILY = "1,2";
			};
			name = Debug;
		};
		4167547D2CA2F65E00EEA777 /* Release */ = {
			isa = XCBuildConfiguration;
			buildSettings = {
				ASSETCATALOG_COMPILER_APPICON_NAME = AppIcon;
				ASSETCATALOG_COMPILER_GLOBAL_ACCENT_COLOR_NAME = AccentColor;
				CODE_SIGN_STYLE = Automatic;
				CURRENT_PROJECT_VERSION = 1;
				DEVELOPMENT_ASSET_PATHS = "\"ScreenDime/Preview Content\"";
				DEVELOPMENT_TEAM = UQMZT3FN7W;
				ENABLE_PREVIEWS = YES;
				GENERATE_INFOPLIST_FILE = YES;
				INFOPLIST_KEY_UIApplicationSceneManifest_Generation = YES;
				INFOPLIST_KEY_UIApplicationSupportsIndirectInputEvents = YES;
				INFOPLIST_KEY_UILaunchScreen_Generation = YES;
				INFOPLIST_KEY_UISupportedInterfaceOrientations_iPad = "UIInterfaceOrientationPortrait UIInterfaceOrientationPortraitUpsideDown UIInterfaceOrientationLandscapeLeft UIInterfaceOrientationLandscapeRight";
				INFOPLIST_KEY_UISupportedInterfaceOrientations_iPhone = "UIInterfaceOrientationPortrait UIInterfaceOrientationLandscapeLeft UIInterfaceOrientationLandscapeRight";
				LD_RUNPATH_SEARCH_PATHS = (
					"$(inherited)",
					"@executable_path/Frameworks",
				);
				MARKETING_VERSION = 1.0;
				PRODUCT_BUNDLE_IDENTIFIER = com.screendime.ScreenDime;
				PRODUCT_NAME = "$(TARGET_NAME)";
				SWIFT_EMIT_LOC_STRINGS = YES;
				SWIFT_VERSION = 5.0;
				TARGETED_DEVICE_FAMILY = "1,2";
			};
			name = Release;
		};
		4167547F2CA2F65E00EEA777 /* Debug */ = {
			isa = XCBuildConfiguration;
			buildSettings = {
				BUNDLE_LOADER = "$(TEST_HOST)";
				CODE_SIGN_STYLE = Automatic;
				CURRENT_PROJECT_VERSION = 1;
				DEVELOPMENT_TEAM = UQMZT3FN7W;
				GENERATE_INFOPLIST_FILE = YES;
				IPHONEOS_DEPLOYMENT_TARGET = 18.0;
				MARKETING_VERSION = 1.0;
				PRODUCT_BUNDLE_IDENTIFIER = com.screendime.ScreenDimeTests;
				PRODUCT_NAME = "$(TARGET_NAME)";
				SWIFT_EMIT_LOC_STRINGS = NO;
				SWIFT_VERSION = 5.0;
				TARGETED_DEVICE_FAMILY = "1,2";
				TEST_HOST = "$(BUILT_PRODUCTS_DIR)/ScreenDime.app/$(BUNDLE_EXECUTABLE_FOLDER_PATH)/ScreenDime";
			};
			name = Debug;
		};
		416754802CA2F65E00EEA777 /* Release */ = {
			isa = XCBuildConfiguration;
			buildSettings = {
				BUNDLE_LOADER = "$(TEST_HOST)";
				CODE_SIGN_STYLE = Automatic;
				CURRENT_PROJECT_VERSION = 1;
				DEVELOPMENT_TEAM = UQMZT3FN7W;
				GENERATE_INFOPLIST_FILE = YES;
				IPHONEOS_DEPLOYMENT_TARGET = 18.0;
				MARKETING_VERSION = 1.0;
				PRODUCT_BUNDLE_IDENTIFIER = com.screendime.ScreenDimeTests;
				PRODUCT_NAME = "$(TARGET_NAME)";
				SWIFT_EMIT_LOC_STRINGS = NO;
				SWIFT_VERSION = 5.0;
				TARGETED_DEVICE_FAMILY = "1,2";
				TEST_HOST = "$(BUILT_PRODUCTS_DIR)/ScreenDime.app/$(BUNDLE_EXECUTABLE_FOLDER_PATH)/ScreenDime";
			};
			name = Release;
		};
		416754822CA2F65E00EEA777 /* Debug */ = {
			isa = XCBuildConfiguration;
			buildSettings = {
				CODE_SIGN_STYLE = Automatic;
				CURRENT_PROJECT_VERSION = 1;
				DEVELOPMENT_TEAM = UQMZT3FN7W;
				GENERATE_INFOPLIST_FILE = YES;
				MARKETING_VERSION = 1.0;
				PRODUCT_BUNDLE_IDENTIFIER = com.screendime.ScreenDimeUITests;
				PRODUCT_NAME = "$(TARGET_NAME)";
				SWIFT_EMIT_LOC_STRINGS = NO;
				SWIFT_VERSION = 5.0;
				TARGETED_DEVICE_FAMILY = "1,2";
				TEST_TARGET_NAME = ScreenDime;
			};
			name = Debug;
		};
		416754832CA2F65E00EEA777 /* Release */ = {
			isa = XCBuildConfiguration;
			buildSettings = {
				CODE_SIGN_STYLE = Automatic;
				CURRENT_PROJECT_VERSION = 1;
				DEVELOPMENT_TEAM = UQMZT3FN7W;
				GENERATE_INFOPLIST_FILE = YES;
				MARKETING_VERSION = 1.0;
				PRODUCT_BUNDLE_IDENTIFIER = com.screendime.ScreenDimeUITests;
				PRODUCT_NAME = "$(TARGET_NAME)";
				SWIFT_EMIT_LOC_STRINGS = NO;
				SWIFT_VERSION = 5.0;
				TARGETED_DEVICE_FAMILY = "1,2";
				TEST_TARGET_NAME = ScreenDime;
			};
			name = Release;
		};
/* End XCBuildConfiguration section */

/* Begin XCConfigurationList section */
		01796EF52CDBF93B0019D68F /* Build configuration list for PBXNativeTarget "ScreenDimeTesting" */ = {
			isa = XCConfigurationList;
			buildConfigurations = (
				01796EF62CDBF93B0019D68F /* Debug */,
				01796EF72CDBF93B0019D68F /* Release */,
			);
			defaultConfigurationIsVisible = 0;
			defaultConfigurationName = Release;
		};
		416754522CA2F65B00EEA777 /* Build configuration list for PBXProject "ScreenDime" */ = {
			isa = XCConfigurationList;
			buildConfigurations = (
				416754792CA2F65E00EEA777 /* Debug */,
				4167547A2CA2F65E00EEA777 /* Release */,
			);
			defaultConfigurationIsVisible = 0;
			defaultConfigurationName = Release;
		};
		4167547B2CA2F65E00EEA777 /* Build configuration list for PBXNativeTarget "ScreenDime" */ = {
			isa = XCConfigurationList;
			buildConfigurations = (
				4167547C2CA2F65E00EEA777 /* Debug */,
				4167547D2CA2F65E00EEA777 /* Release */,
			);
			defaultConfigurationIsVisible = 0;
			defaultConfigurationName = Release;
		};
		4167547E2CA2F65E00EEA777 /* Build configuration list for PBXNativeTarget "ScreenDimeTests" */ = {
			isa = XCConfigurationList;
			buildConfigurations = (
				4167547F2CA2F65E00EEA777 /* Debug */,
				416754802CA2F65E00EEA777 /* Release */,
			);
			defaultConfigurationIsVisible = 0;
			defaultConfigurationName = Release;
		};
		416754812CA2F65E00EEA777 /* Build configuration list for PBXNativeTarget "ScreenDimeUITests" */ = {
			isa = XCConfigurationList;
			buildConfigurations = (
				416754822CA2F65E00EEA777 /* Debug */,
				416754832CA2F65E00EEA777 /* Release */,
			);
			defaultConfigurationIsVisible = 0;
			defaultConfigurationName = Release;
		};
/* End XCConfigurationList section */
	};
	rootObject = 4167544F2CA2F65B00EEA777 /* Project object */;
}
